// !$*UTF8*$!
{
	archiveVersion = 1;
	classes = {
	};
	objectVersion = 77;
	objects = {

/* Begin PBXBuildFile section */
		09B113765582393080A0868D /* TransactionsView.swift in Sources */ = {isa = PBXBuildFile; fileRef = 1DB9F4654228C10A97CAA96C /* TransactionsView.swift */; };
		0CA1C42C56291E5E00A5F9E0 /* LanShareView.swift in Sources */ = {isa = PBXBuildFile; fileRef = 18E9CAE7745061BA99487705 /* LanShareView.swift */; };
		19D8DC05F2335E316B2AB8C4 /* FinanceStoreModels.swift in Sources */ = {isa = PBXBuildFile; fileRef = 86B8BBBB0BBD2378D9461FB1 /* FinanceStoreModels.swift */; };
		2E039FEF4BEB5BAD8D98552C /* FinanceStoreModels.swift in Sources */ = {isa = PBXBuildFile; fileRef = 86B8BBBB0BBD2378D9461FB1 /* FinanceStoreModels.swift */; };
		3B2FF50E84983DAF8593D6FD /* WidgetDataLoader.swift in Sources */ = {isa = PBXBuildFile; fileRef = 0001F07AD86661E18D256B02 /* WidgetDataLoader.swift */; };
		3F3FC62AA5F80B0534230D54 /* FinanceStoreKMPConversion.swift in Sources */ = {isa = PBXBuildFile; fileRef = C91ACA5A361703B8F9A29EBE /* FinanceStoreKMPConversion.swift */; };
		4A131460106BFDA24A7DBC3A /* FinanceOSWidget.appex in Embed Foundation Extensions */ = {isa = PBXBuildFile; fileRef = 16C377351A0A989C2A30EB81 /* FinanceOSWidget.appex */; settings = {ATTRIBUTES = (RemoveHeadersOnCopy, ); }; };
		586240B9871FC73EF2580CF7 /* FinanceOSApp.swift in Sources */ = {isa = PBXBuildFile; fileRef = 0CF19A74BA61405D2549F4E5 /* FinanceOSApp.swift */; };
		5E5C94C551168BEA0186EC2A /* FinanceOSShared.framework in Frameworks */ = {isa = PBXBuildFile; fileRef = 75132A9E2917DA21E070E5C4 /* FinanceOSShared.framework */; };
		6753250B9BCFB92757870986 /* DataBackupView.swift in Sources */ = {isa = PBXBuildFile; fileRef = 15C3A40A33A3D59A83C2BD04 /* DataBackupView.swift */; };
		6992A4AF3C00559A9378320D /* AddTransactionSheet.swift in Sources */ = {isa = PBXBuildFile; fileRef = 871739A2066EFD50F9B2C4BA /* AddTransactionSheet.swift */; };
		7C804C43BE9B86089F3920A6 /* FinanceOSWidgetViews.swift in Sources */ = {isa = PBXBuildFile; fileRef = 6FD2F1F038BCE1E1F28B002D /* FinanceOSWidgetViews.swift */; };
		83CC3BD8650B1EF6FD9E939C /* FinanceStoreKMPConversion.swift in Sources */ = {isa = PBXBuildFile; fileRef = C91ACA5A361703B8F9A29EBE /* FinanceStoreKMPConversion.swift */; };
		A066909DF8B2B58E4181BA28 /* FinanceOSWidgetBundle.swift in Sources */ = {isa = PBXBuildFile; fileRef = 78D43EF3DAB1CFEFBBEC6DED /* FinanceOSWidgetBundle.swift */; };
		A4180FC696A0F2560ED9909C /* DashboardView.swift in Sources */ = {isa = PBXBuildFile; fileRef = 97B700A7ED4666DE9F0633AB /* DashboardView.swift */; };
		A914E96EE1F9C8B3E55531DB /* FinanceStoreAdapter.swift in Sources */ = {isa = PBXBuildFile; fileRef = EBA0C4E492864411DFD98BAB /* FinanceStoreAdapter.swift */; };
		B65616AD7C6FFDCC1102334C /* FinanceOSShared.framework in Frameworks */ = {isa = PBXBuildFile; fileRef = 75132A9E2917DA21E070E5C4 /* FinanceOSShared.framework */; };
		BAE7BD1440608DCE026EF24D /* WidgetDataLoader.swift in Sources */ = {isa = PBXBuildFile; fileRef = 0001F07AD86661E18D256B02 /* WidgetDataLoader.swift */; };
		BEEE1874FD916F106B85C98B /* BudgetView.swift in Sources */ = {isa = PBXBuildFile; fileRef = 19D974847F1DFB895D8357C8 /* BudgetView.swift */; };
		C21A5A0061CB8E342C25641E /* FinanceOSShared.framework in Embed Frameworks */ = {isa = PBXBuildFile; fileRef = 75132A9E2917DA21E070E5C4 /* FinanceOSShared.framework */; settings = {ATTRIBUTES = (CodeSignOnCopy, RemoveHeadersOnCopy, ); }; };
		CD1260688118ECE044C3BC73 /* Components.swift in Sources */ = {isa = PBXBuildFile; fileRef = 8F90B35924ED20302CE84C64 /* Components.swift */; };
		E351B33039247EAA5CA893CE /* Assets.xcassets in Resources */ = {isa = PBXBuildFile; fileRef = E942A05AB51B24285C4BC01A /* Assets.xcassets */; };
		E4508251AE14EC045656794A /* FinanceStoreAdapter.swift in Sources */ = {isa = PBXBuildFile; fileRef = EBA0C4E492864411DFD98BAB /* FinanceStoreAdapter.swift */; };
/* End PBXBuildFile section */

/* Begin PBXContainerItemProxy section */
		2014906921592B99C695A07E /* PBXContainerItemProxy */ = {
			isa = PBXContainerItemProxy;
			containerPortal = C667574D71CB5215AACFAC4B /* Project object */;
			proxyType = 1;
			remoteGlobalIDString = 1CC4F9CCB26B9ADBCE64F877;
			remoteInfo = FinanceOSWidget;
		};
/* End PBXContainerItemProxy section */

/* Begin PBXCopyFilesBuildPhase section */
		AEF0F34498C1A0B9689EE22E /* Embed Foundation Extensions */ = {
			isa = PBXCopyFilesBuildPhase;
			buildActionMask = 2147483647;
			dstPath = "";
			dstSubfolderSpec = 13;
			files = (
				4A131460106BFDA24A7DBC3A /* FinanceOSWidget.appex in Embed Foundation Extensions */,
			);
			name = "Embed Foundation Extensions";
			runOnlyForDeploymentPostprocessing = 0;
		};
		DA052158CB1EC5F8D492C2B7 /* Embed Frameworks */ = {
			isa = PBXCopyFilesBuildPhase;
			buildActionMask = 2147483647;
			dstPath = "";
			dstSubfolderSpec = 10;
			files = (
				C21A5A0061CB8E342C25641E /* FinanceOSShared.framework in Embed Frameworks */,
			);
			name = "Embed Frameworks";
			runOnlyForDeploymentPostprocessing = 0;
		};
/* End PBXCopyFilesBuildPhase section */

/* Begin PBXFileReference section */
		0001F07AD86661E18D256B02 /* WidgetDataLoader.swift */ = {isa = PBXFileReference; lastKnownFileType = sourcecode.swift; path = WidgetDataLoader.swift; sourceTree = "<group>"; };
		0CF19A74BA61405D2549F4E5 /* FinanceOSApp.swift */ = {isa = PBXFileReference; lastKnownFileType = sourcecode.swift; path = FinanceOSApp.swift; sourceTree = "<group>"; };
		15C3A40A33A3D59A83C2BD04 /* DataBackupView.swift */ = {isa = PBXFileReference; lastKnownFileType = sourcecode.swift; path = DataBackupView.swift; sourceTree = "<group>"; };
		16C377351A0A989C2A30EB81 /* FinanceOSWidget.appex */ = {isa = PBXFileReference; explicitFileType = "wrapper.app-extension"; includeInIndex = 0; path = FinanceOSWidget.appex; sourceTree = BUILT_PRODUCTS_DIR; };
		18E9CAE7745061BA99487705 /* LanShareView.swift */ = {isa = PBXFileReference; lastKnownFileType = sourcecode.swift; path = LanShareView.swift; sourceTree = "<group>"; };
		19D974847F1DFB895D8357C8 /* BudgetView.swift */ = {isa = PBXFileReference; lastKnownFileType = sourcecode.swift; path = BudgetView.swift; sourceTree = "<group>"; };
		1DB9F4654228C10A97CAA96C /* TransactionsView.swift */ = {isa = PBXFileReference; lastKnownFileType = sourcecode.swift; path = TransactionsView.swift; sourceTree = "<group>"; };
		302E3DE2692116022CADA42B /* FinanceOS.app */ = {isa = PBXFileReference; explicitFileType = wrapper.application; includeInIndex = 0; path = FinanceOS.app; sourceTree = BUILT_PRODUCTS_DIR; };
		6FD2F1F038BCE1E1F28B002D /* FinanceOSWidgetViews.swift */ = {isa = PBXFileReference; lastKnownFileType = sourcecode.swift; path = FinanceOSWidgetViews.swift; sourceTree = "<group>"; };
		75132A9E2917DA21E070E5C4 /* FinanceOSShared.framework */ = {isa = PBXFileReference; lastKnownFileType = wrapper.framework; name = FinanceOSShared.framework; path = "build/shared-framework/FinanceOSShared.framework"; sourceTree = "<group>"; };
		78D43EF3DAB1CFEFBBEC6DED /* FinanceOSWidgetBundle.swift */ = {isa = PBXFileReference; lastKnownFileType = sourcecode.swift; path = FinanceOSWidgetBundle.swift; sourceTree = "<group>"; };
		86B8BBBB0BBD2378D9461FB1 /* FinanceStoreModels.swift */ = {isa = PBXFileReference; lastKnownFileType = sourcecode.swift; path = FinanceStoreModels.swift; sourceTree = "<group>"; };
		871739A2066EFD50F9B2C4BA /* AddTransactionSheet.swift */ = {isa = PBXFileReference; lastKnownFileType = sourcecode.swift; path = AddTransactionSheet.swift; sourceTree = "<group>"; };
		8F90B35924ED20302CE84C64 /* Components.swift */ = {isa = PBXFileReference; lastKnownFileType = sourcecode.swift; path = Components.swift; sourceTree = "<group>"; };
		97B700A7ED4666DE9F0633AB /* DashboardView.swift */ = {isa = PBXFileReference; lastKnownFileType = sourcecode.swift; path = DashboardView.swift; sourceTree = "<group>"; };
		C91ACA5A361703B8F9A29EBE /* FinanceStoreKMPConversion.swift */ = {isa = PBXFileReference; lastKnownFileType = sourcecode.swift; path = FinanceStoreKMPConversion.swift; sourceTree = "<group>"; };
		E942A05AB51B24285C4BC01A /* Assets.xcassets */ = {isa = PBXFileReference; lastKnownFileType = folder.assetcatalog; path = Assets.xcassets; sourceTree = "<group>"; };
		EBA0C4E492864411DFD98BAB /* FinanceStoreAdapter.swift */ = {isa = PBXFileReference; lastKnownFileType = sourcecode.swift; path = FinanceStoreAdapter.swift; sourceTree = "<group>"; };
/* End PBXFileReference section */

/* Begin PBXFrameworksBuildPhase section */
		27BED651885CBB56A4317367 /* Frameworks */ = {
			isa = PBXFrameworksBuildPhase;
			buildActionMask = 2147483647;
			files = (
				B65616AD7C6FFDCC1102334C /* FinanceOSShared.framework in Frameworks */,
			);
			runOnlyForDeploymentPostprocessing = 0;
		};
		966FD5FE2201EF44CD694F79 /* Frameworks */ = {
			isa = PBXFrameworksBuildPhase;
			buildActionMask = 2147483647;
			files = (
				5E5C94C551168BEA0186EC2A /* FinanceOSShared.framework in Frameworks */,
			);
			runOnlyForDeploymentPostprocessing = 0;
		};
/* End PBXFrameworksBuildPhase section */

/* Begin PBXGroup section */
		583AFB6D131219144BF67821 /* apple-adapter */ = {
			isa = PBXGroup;
			children = (
				EBA0C4E492864411DFD98BAB /* FinanceStoreAdapter.swift */,
				C91ACA5A361703B8F9A29EBE /* FinanceStoreKMPConversion.swift */,
				86B8BBBB0BBD2378D9461FB1 /* FinanceStoreModels.swift */,
				0001F07AD86661E18D256B02 /* WidgetDataLoader.swift */,
			);
			path = "apple-adapter";
			sourceTree = "<group>";
		};
		9FE67025D334200084D8F001 /* Products */ = {
			isa = PBXGroup;
			children = (
				302E3DE2692116022CADA42B /* FinanceOS.app */,
				16C377351A0A989C2A30EB81 /* FinanceOSWidget.appex */,
			);
			name = Products;
			sourceTree = "<group>";
		};
		AB486ADA1FB29650C2A9C2BD = {
			isa = PBXGroup;
			children = (
				E942A05AB51B24285C4BC01A /* Assets.xcassets */,
				C40C5B125E04E99732A4F900 /* FinanceOS */,
				E236855917B2BF27B84D5670 /* MacViews */,
				EA886D3AF91CEF7558A85BD8 /* Widget */,
				F2141F2BFA1FE95501B1E55E /* Frameworks */,
				9FE67025D334200084D8F001 /* Products */,
			);
			sourceTree = "<group>";
		};
		C40C5B125E04E99732A4F900 /* FinanceOS */ = {
			isa = PBXGroup;
			children = (
				583AFB6D131219144BF67821 /* apple-adapter */,
			);
			name = FinanceOS;
			path = ..;
			sourceTree = "<group>";
		};
		E236855917B2BF27B84D5670 /* MacViews */ = {
			isa = PBXGroup;
			children = (
				871739A2066EFD50F9B2C4BA /* AddTransactionSheet.swift */,
				19D974847F1DFB895D8357C8 /* BudgetView.swift */,
				8F90B35924ED20302CE84C64 /* Components.swift */,
				97B700A7ED4666DE9F0633AB /* DashboardView.swift */,
				15C3A40A33A3D59A83C2BD04 /* DataBackupView.swift */,
				0CF19A74BA61405D2549F4E5 /* FinanceOSApp.swift */,
				18E9CAE7745061BA99487705 /* LanShareView.swift */,
				1DB9F4654228C10A97CAA96C /* TransactionsView.swift */,
			);
			path = MacViews;
			sourceTree = "<group>";
		};
		EA886D3AF91CEF7558A85BD8 /* Widget */ = {
			isa = PBXGroup;
			children = (
				78D43EF3DAB1CFEFBBEC6DED /* FinanceOSWidgetBundle.swift */,
				6FD2F1F038BCE1E1F28B002D /* FinanceOSWidgetViews.swift */,
			);
			path = Widget;
			sourceTree = "<group>";
		};
		F2141F2BFA1FE95501B1E55E /* Frameworks */ = {
			isa = PBXGroup;
			children = (
				75132A9E2917DA21E070E5C4 /* FinanceOSShared.framework */,
			);
			name = Frameworks;
			sourceTree = "<group>";
		};
/* End PBXGroup section */

/* Begin PBXNativeTarget section */
		1CC4F9CCB26B9ADBCE64F877 /* FinanceOSWidget */ = {
			isa = PBXNativeTarget;
			buildConfigurationList = C4D3FFBFA649024A146B5BFE /* Build configuration list for PBXNativeTarget "FinanceOSWidget" */;
			buildPhases = (
				D66FEEA74FEE8D0A73DFD818 /* Build KMP shared framework */,
				A3AE7146AD00E95AC26CAEA6 /* Sources */,
				27BED651885CBB56A4317367 /* Frameworks */,
			);
			buildRules = (
			);
			dependencies = (
			);
			name = FinanceOSWidget;
			packageProductDependencies = (
			);
			productName = FinanceOSWidget;
			productReference = 16C377351A0A989C2A30EB81 /* FinanceOSWidget.appex */;
			productType = "com.apple.product-type.app-extension";
		};
		A316995905F6FE9DF54EF81C /* FinanceOS */ = {
			isa = PBXNativeTarget;
			buildConfigurationList = 647DBF2348530D872EECE54E /* Build configuration list for PBXNativeTarget "FinanceOS" */;
			buildPhases = (
				F10B829B591796F26D5817E2 /* Build KMP shared framework */,
				BE31E3FBAF38BBD65F0188B7 /* Sources */,
				A0A7EA476CB54A528B303E16 /* Resources */,
				966FD5FE2201EF44CD694F79 /* Frameworks */,
				AEF0F34498C1A0B9689EE22E /* Embed Foundation Extensions */,
				DA052158CB1EC5F8D492C2B7 /* Embed Frameworks */,
			);
			buildRules = (
			);
			dependencies = (
				095384932D13711CC4DF1577 /* PBXTargetDependency */,
			);
			name = FinanceOS;
			packageProductDependencies = (
			);
			productName = FinanceOS;
			productReference = 302E3DE2692116022CADA42B /* FinanceOS.app */;
			productType = "com.apple.product-type.application";
		};
/* End PBXNativeTarget section */

/* Begin PBXProject section */
		C667574D71CB5215AACFAC4B /* Project object */ = {
			isa = PBXProject;
			attributes = {
				BuildIndependentTargetsInParallel = YES;
				LastUpgradeCheck = 1430;
				TargetAttributes = {
					1CC4F9CCB26B9ADBCE64F877 = {
						ProvisioningStyle = Automatic;
					};
					A316995905F6FE9DF54EF81C = {
						ProvisioningStyle = Automatic;
					};
				};
			};
			buildConfigurationList = A06E9CD9E10C53888BB5B4ED /* Build configuration list for PBXProject "FinanceOS" */;
			developmentRegion = en;
			hasScannedForEncodings = 0;
			knownRegions = (
				Base,
				en,
			);
			mainGroup = AB486ADA1FB29650C2A9C2BD;
			minimizedProjectReferenceProxies = 1;
			preferredProjectObjectVersion = 77;
			productRefGroup = 9FE67025D334200084D8F001 /* Products */;
			projectDirPath = "";
			projectRoot = "";
			targets = (
				A316995905F6FE9DF54EF81C /* FinanceOS */,
				1CC4F9CCB26B9ADBCE64F877 /* FinanceOSWidget */,
			);
		};
/* End PBXProject section */

/* Begin PBXResourcesBuildPhase section */
		A0A7EA476CB54A528B303E16 /* Resources */ = {
			isa = PBXResourcesBuildPhase;
			buildActionMask = 2147483647;
			files = (
				E351B33039247EAA5CA893CE /* Assets.xcassets in Resources */,
			);
			runOnlyForDeploymentPostprocessing = 0;
		};
/* End PBXResourcesBuildPhase section */

/* Begin PBXShellScriptBuildPhase section */
		D66FEEA74FEE8D0A73DFD818 /* Build KMP shared framework */ = {
			isa = PBXShellScriptBuildPhase;
			alwaysOutOfDate = 1;
			buildActionMask = 2147483647;
			files = (
			);
			inputFileListPaths = (
			);
			inputPaths = (
			);
			name = "Build KMP shared framework";
			outputFileListPaths = (
			);
			outputPaths = (
			);
			runOnlyForDeploymentPostprocessing = 0;
			shellPath = /bin/sh;
			shellScript = "export JAVA_HOME=\"${JAVA_HOME:-/opt/homebrew/opt/openjdk@21}\"\nif [ -d \"$SRCROOT/build/shared-framework/FinanceOSShared.framework\" ] || [ -d \"$SRCROOT/build/shared-framework-widget/FinanceOSShared.framework\" ]; then\n  exit 0\nfi\ncd \"$SRCROOT/..\"\nCONFIGURATION_LOWER=\"$(echo \"$CONFIGURATION\" | tr '[:upper:]' '[:lower:]')\"\n./gradlew \":shared:link${CONFIGURATION}FrameworkMacosArm64\" -q\nrm -rf \"$SRCROOT/build/shared-framework\"\nmkdir -p \"$SRCROOT/build/shared-framework\"\ncp -R \"shared/build/bin/macosArm64/${CONFIGURATION_LOWER}Framework/FinanceOSShared.framework\" \"$SRCROOT/build/shared-framework/\"\n";
		};
		F10B829B591796F26D5817E2 /* Build KMP shared framework */ = {
			isa = PBXShellScriptBuildPhase;
			alwaysOutOfDate = 1;
			buildActionMask = 2147483647;
			files = (
			);
			inputFileListPaths = (
			);
			inputPaths = (
			);
			name = "Build KMP shared framework";
			outputFileListPaths = (
			);
			outputPaths = (
			);
			runOnlyForDeploymentPostprocessing = 0;
			shellPath = /bin/sh;
			shellScript = "export JAVA_HOME=\"${JAVA_HOME:-/opt/homebrew/opt/openjdk@21}\"\nif [ -d \"$SRCROOT/build/shared-framework/FinanceOSShared.framework\" ] || [ -d \"$SRCROOT/build/shared-framework-widget/FinanceOSShared.framework\" ]; then\n  exit 0\nfi\ncd \"$SRCROOT/..\"\nCONFIGURATION_LOWER=\"$(echo \"$CONFIGURATION\" | tr '[:upper:]' '[:lower:]')\"\n./gradlew \":shared:link${CONFIGURATION}FrameworkMacosArm64\" -q\nrm -rf \"$SRCROOT/build/shared-framework\"\nmkdir -p \"$SRCROOT/build/shared-framework\"\ncp -R \"shared/build/bin/macosArm64/${CONFIGURATION_LOWER}Framework/FinanceOSShared.framework\" \"$SRCROOT/build/shared-framework/\"\n";
		};
/* End PBXShellScriptBuildPhase section */

/* Begin PBXSourcesBuildPhase section */
		A3AE7146AD00E95AC26CAEA6 /* Sources */ = {
			isa = PBXSourcesBuildPhase;
			buildActionMask = 2147483647;
			files = (
				A066909DF8B2B58E4181BA28 /* FinanceOSWidgetBundle.swift in Sources */,
				7C804C43BE9B86089F3920A6 /* FinanceOSWidgetViews.swift in Sources */,
				E4508251AE14EC045656794A /* FinanceStoreAdapter.swift in Sources */,
				83CC3BD8650B1EF6FD9E939C /* FinanceStoreKMPConversion.swift in Sources */,
				19D8DC05F2335E316B2AB8C4 /* FinanceStoreModels.swift in Sources */,
				3B2FF50E84983DAF8593D6FD /* WidgetDataLoader.swift in Sources */,
			);
			runOnlyForDeploymentPostprocessing = 0;
		};
		BE31E3FBAF38BBD65F0188B7 /* Sources */ = {
			isa = PBXSourcesBuildPhase;
			buildActionMask = 2147483647;
			files = (
				6992A4AF3C00559A9378320D /* AddTransactionSheet.swift in Sources */,
				BEEE1874FD916F106B85C98B /* BudgetView.swift in Sources */,
				CD1260688118ECE044C3BC73 /* Components.swift in Sources */,
				A4180FC696A0F2560ED9909C /* DashboardView.swift in Sources */,
				6753250B9BCFB92757870986 /* DataBackupView.swift in Sources */,
				586240B9871FC73EF2580CF7 /* FinanceOSApp.swift in Sources */,
				A914E96EE1F9C8B3E55531DB /* FinanceStoreAdapter.swift in Sources */,
				3F3FC62AA5F80B0534230D54 /* FinanceStoreKMPConversion.swift in Sources */,
				2E039FEF4BEB5BAD8D98552C /* FinanceStoreModels.swift in Sources */,
				0CA1C42C56291E5E00A5F9E0 /* LanShareView.swift in Sources */,
				09B113765582393080A0868D /* TransactionsView.swift in Sources */,
				BAE7BD1440608DCE026EF24D /* WidgetDataLoader.swift in Sources */,
			);
			runOnlyForDeploymentPostprocessing = 0;
		};
/* End PBXSourcesBuildPhase section */

/* Begin PBXTargetDependency section */
		095384932D13711CC4DF1577 /* PBXTargetDependency */ = {
			isa = PBXTargetDependency;
			target = 1CC4F9CCB26B9ADBCE64F877 /* FinanceOSWidget */;
			targetProxy = 2014906921592B99C695A07E /* PBXContainerItemProxy */;
		};
/* End PBXTargetDependency section */

/* Begin XCBuildConfiguration section */
		2716A67E4934F3A496D8657F /* Release */ = {
			isa = XCBuildConfiguration;
			buildSettings = {
				ASSETCATALOG_COMPILER_APPICON_NAME = AppIcon;
				CODE_SIGN_ENTITLEMENTS = App.entitlements;
				CODE_SIGN_STYLE = Automatic;
				COMBINE_HIDPI_IMAGES = YES;
				CURRENT_PROJECT_VERSION = 10;
				FRAMEWORK_SEARCH_PATHS = (
					"$(inherited)",
					"\"build/shared-framework\"",
				);
				INFOPLIST_FILE = AppInfo.plist;
				LD_RUNPATH_SEARCH_PATHS = (
					"$(inherited)",
					"@executable_path/../Frameworks",
				);
				MARKETING_VERSION = 1.0.2;
				OTHER_LDFLAGS = "$(inherited) -lsqlite3 -lc++";
				PRODUCT_BUNDLE_IDENTIFIER = com.financeos.mac;
				SDKROOT = macosx;
			};
			name = Release;
		};
		2BBBFF90E92A0D5319832656 /* Debug */ = {
			isa = XCBuildConfiguration;
			buildSettings = {
				APPLICATION_EXTENSION_API_ONLY = YES;
				CODE_SIGN_ENTITLEMENTS = Widget.entitlements;
				CODE_SIGN_STYLE = Automatic;
				COMBINE_HIDPI_IMAGES = YES;
				CURRENT_PROJECT_VERSION = 10;
				FRAMEWORK_SEARCH_PATHS = (
					"$(inherited)",
					"\"build/shared-framework\"",
				);
				INFOPLIST_FILE = WidgetInfo.plist;
				LD_RUNPATH_SEARCH_PATHS = (
					"$(inherited)",
					"@executable_path/../Frameworks",
					"@executable_path/../../../../Frameworks",
				);
				MARKETING_VERSION = 1.0.2;
				OTHER_LDFLAGS = "$(inherited) -lsqlite3 -lc++";
				PRODUCT_BUNDLE_IDENTIFIER = com.financeos.mac.widget;
				SDKROOT = macosx;
				SKIP_INSTALL = YES;
			};
			name = Debug;
		};
		306A17AC5FFA2FD5FD7906BE /* Release */ = {
			isa = XCBuildConfiguration;
			buildSettings = {
				APPLICATION_EXTENSION_API_ONLY = YES;
				CODE_SIGN_ENTITLEMENTS = Widget.entitlements;
				CODE_SIGN_STYLE = Automatic;
				COMBINE_HIDPI_IMAGES = YES;
				CURRENT_PROJECT_VERSION = 10;
				FRAMEWORK_SEARCH_PATHS = (
					"$(inherited)",
					"\"build/shared-framework\"",
				);
				INFOPLIST_FILE = WidgetInfo.plist;
				LD_RUNPATH_SEARCH_PATHS = (
					"$(inherited)",
					"@executable_path/../Frameworks",
					"@executable_path/../../../../Frameworks",
				);
				MARKETING_VERSION = 1.0.2;
				OTHER_LDFLAGS = "$(inherited) -lsqlite3 -lc++";
				PRODUCT_BUNDLE_IDENTIFIER = com.financeos.mac.widget;
				SDKROOT = macosx;
				SKIP_INSTALL = YES;
			};
			name = Release;
		};
		4D912AD39AE146927AA07BC0 /* Release */ = {
			isa = XCBuildConfiguration;
			buildSettings = {
				ALWAYS_SEARCH_USER_PATHS = NO;
				CLANG_ANALYZER_NONNULL = YES;
				CLANG_ANALYZER_NUMBER_OBJECT_CONVERSION = YES_AGGRESSIVE;
				CLANG_CXX_LANGUAGE_STANDARD = "gnu++14";
				CLANG_CXX_LIBRARY = "libc++";
				CLANG_ENABLE_MODULES = YES;
				CLANG_ENABLE_OBJC_ARC = YES;
				CLANG_ENABLE_OBJC_WEAK = YES;
				CLANG_WARN_BLOCK_CAPTURE_AUTORELEASING = YES;
				CLANG_WARN_BOOL_CONVERSION = YES;
				CLANG_WARN_COMMA = YES;
				CLANG_WARN_CONSTANT_CONVERSION = YES;
				CLANG_WARN_DEPRECATED_OBJC_IMPLEMENTATIONS = YES;
				CLANG_WARN_DIRECT_OBJC_ISA_USAGE = YES_ERROR;
				CLANG_WARN_DOCUMENTATION_COMMENTS = YES;
				CLANG_WARN_EMPTY_BODY = YES;
				CLANG_WARN_ENUM_CONVERSION = YES;
				CLANG_WARN_INFINITE_RECURSION = YES;
				CLANG_WARN_INT_CONVERSION = YES;
				CLANG_WARN_NON_LITERAL_NULL_CONVERSION = YES;
				CLANG_WARN_OBJC_IMPLICIT_RETAIN_SELF = YES;
				CLANG_WARN_OBJC_LITERAL_CONVERSION = YES;
				CLANG_WARN_OBJC_ROOT_CLASS = YES_ERROR;
				CLANG_WARN_QUOTED_INCLUDE_IN_FRAMEWORK_HEADER = YES;
				CLANG_WARN_RANGE_LOOP_ANALYSIS = YES;
				CLANG_WARN_STRICT_PROTOTYPES = YES;
				CLANG_WARN_SUSPICIOUS_MOVE = YES;
				CLANG_WARN_UNGUARDED_AVAILABILITY = YES_AGGRESSIVE;
				CLANG_WARN_UNREACHABLE_CODE = YES;
				CLANG_WARN__DUPLICATE_METHOD_MATCH = YES;
				COPY_PHASE_STRIP = NO;
				DEBUG_INFORMATION_FORMAT = "dwarf-with-dsym";
				ENABLE_NS_ASSERTIONS = NO;
				ENABLE_STRICT_OBJC_MSGSEND = YES;
				ENABLE_USER_SCRIPT_SANDBOXING = NO;
				GCC_C_LANGUAGE_STANDARD = gnu11;
				GCC_NO_COMMON_BLOCKS = YES;
				GCC_WARN_64_TO_32_BIT_CONVERSION = YES;
				GCC_WARN_ABOUT_RETURN_TYPE = YES_ERROR;
				GCC_WARN_UNDECLARED_SELECTOR = YES;
				GCC_WARN_UNINITIALIZED_AUTOS = YES_AGGRESSIVE;
				GCC_WARN_UNUSED_FUNCTION = YES;
				GCC_WARN_UNUSED_VARIABLE = YES;
				MACOSX_DEPLOYMENT_TARGET = 26.0;
				MTL_ENABLE_DEBUG_INFO = NO;
				MTL_FAST_MATH = YES;
				PRODUCT_NAME = "$(TARGET_NAME)";
				SDKROOT = macosx;
				SWIFT_COMPILATION_MODE = wholemodule;
				SWIFT_OPTIMIZATION_LEVEL = "-O";
				SWIFT_VERSION = 5.9;
			};
			name = Release;
		};
		722CB921847D9346D31BEC72 /* Debug */ = {
			isa = XCBuildConfiguration;
			buildSettings = {
				ASSETCATALOG_COMPILER_APPICON_NAME = AppIcon;
				CODE_SIGN_ENTITLEMENTS = App.entitlements;
				CODE_SIGN_STYLE = Automatic;
				COMBINE_HIDPI_IMAGES = YES;
				CURRENT_PROJECT_VERSION = 10;
				FRAMEWORK_SEARCH_PATHS = (
					"$(inherited)",
					"\"build/shared-framework\"",
				);
				INFOPLIST_FILE = AppInfo.plist;
				LD_RUNPATH_SEARCH_PATHS = (
					"$(inherited)",
					"@executable_path/../Frameworks",
				);
				MARKETING_VERSION = 1.0.2;
				OTHER_LDFLAGS = "$(inherited) -lsqlite3 -lc++";
				PRODUCT_BUNDLE_IDENTIFIER = com.financeos.mac;
				SDKROOT = macosx;
			};
			name = Debug;
		};
		812708092FC18E8BDC3394E9 /* Debug */ = {
			isa = XCBuildConfiguration;
			buildSettings = {
				ALWAYS_SEARCH_USER_PATHS = NO;
				CLANG_ANALYZER_NONNULL = YES;
				CLANG_ANALYZER_NUMBER_OBJECT_CONVERSION = YES_AGGRESSIVE;
				CLANG_CXX_LANGUAGE_STANDARD = "gnu++14";
				CLANG_CXX_LIBRARY = "libc++";
				CLANG_ENABLE_MODULES = YES;
				CLANG_ENABLE_OBJC_ARC = YES;
				CLANG_ENABLE_OBJC_WEAK = YES;
				CLANG_WARN_BLOCK_CAPTURE_AUTORELEASING = YES;
				CLANG_WARN_BOOL_CONVERSION = YES;
				CLANG_WARN_COMMA = YES;
				CLANG_WARN_CONSTANT_CONVERSION = YES;
				CLANG_WARN_DEPRECATED_OBJC_IMPLEMENTATIONS = YES;
				CLANG_WARN_DIRECT_OBJC_ISA_USAGE = YES_ERROR;
				CLANG_WARN_DOCUMENTATION_COMMENTS = YES;
				CLANG_WARN_EMPTY_BODY = YES;
				CLANG_WARN_ENUM_CONVERSION = YES;
				CLANG_WARN_INFINITE_RECURSION = YES;
				CLANG_WARN_INT_CONVERSION = YES;
				CLANG_WARN_NON_LITERAL_NULL_CONVERSION = YES;
				CLANG_WARN_OBJC_IMPLICIT_RETAIN_SELF = YES;
				CLANG_WARN_OBJC_LITERAL_CONVERSION = YES;
				CLANG_WARN_OBJC_ROOT_CLASS = YES_ERROR;
				CLANG_WARN_QUOTED_INCLUDE_IN_FRAMEWORK_HEADER = YES;
				CLANG_WARN_RANGE_LOOP_ANALYSIS = YES;
				CLANG_WARN_STRICT_PROTOTYPES = YES;
				CLANG_WARN_SUSPICIOUS_MOVE = YES;
				CLANG_WARN_UNGUARDED_AVAILABILITY = YES_AGGRESSIVE;
				CLANG_WARN_UNREACHABLE_CODE = YES;
				CLANG_WARN__DUPLICATE_METHOD_MATCH = YES;
				COPY_PHASE_STRIP = NO;
				DEBUG_INFORMATION_FORMAT = dwarf;
				ENABLE_STRICT_OBJC_MSGSEND = YES;
				ENABLE_TESTABILITY = YES;
				ENABLE_USER_SCRIPT_SANDBOXING = NO;
				GCC_C_LANGUAGE_STANDARD = gnu11;
				GCC_DYNAMIC_NO_PIC = NO;
				GCC_NO_COMMON_BLOCKS = YES;
				GCC_OPTIMIZATION_LEVEL = 0;
				GCC_PREPROCESSOR_DEFINITIONS = (
					"$(inherited)",
					"DEBUG=1",
				);
				GCC_WARN_64_TO_32_BIT_CONVERSION = YES;
				GCC_WARN_ABOUT_RETURN_TYPE = YES_ERROR;
				GCC_WARN_UNDECLARED_SELECTOR = YES;
				GCC_WARN_UNINITIALIZED_AUTOS = YES_AGGRESSIVE;
				GCC_WARN_UNUSED_FUNCTION = YES;
				GCC_WARN_UNUSED_VARIABLE = YES;
				MACOSX_DEPLOYMENT_TARGET = 26.0;
				MTL_ENABLE_DEBUG_INFO = INCLUDE_SOURCE;
				MTL_FAST_MATH = YES;
				ONLY_ACTIVE_ARCH = YES;
				PRODUCT_NAME = "$(TARGET_NAME)";
				SDKROOT = macosx;
				SWIFT_ACTIVE_COMPILATION_CONDITIONS = DEBUG;
				SWIFT_OPTIMIZATION_LEVEL = "-Onone";
				SWIFT_VERSION = 5.9;
			};
			name = Debug;
		};
/* End XCBuildConfiguration section */

/* Begin XCConfigurationList section */
		647DBF2348530D872EECE54E /* Build configuration list for PBXNativeTarget "FinanceOS" */ = {
			isa = XCConfigurationList;
			buildConfigurations = (
				722CB921847D9346D31BEC72 /* Debug */,
				2716A67E4934F3A496D8657F /* Release */,
			);
			defaultConfigurationIsVisible = 0;
			defaultConfigurationName = Debug;
		};
		A06E9CD9E10C53888BB5B4ED /* Build configuration list for PBXProject "FinanceOS" */ = {
			isa = XCConfigurationList;
			buildConfigurations = (
				812708092FC18E8BDC3394E9 /* Debug */,
				4D912AD39AE146927AA07BC0 /* Release */,
			);
			defaultConfigurationIsVisible = 0;
			defaultConfigurationName = Debug;
		};
		C4D3FFBFA649024A146B5BFE /* Build configuration list for PBXNativeTarget "FinanceOSWidget" */ = {
			isa = XCConfigurationList;
			buildConfigurations = (
				2BBBFF90E92A0D5319832656 /* Debug */,
				306A17AC5FFA2FD5FD7906BE /* Release */,
			);
			defaultConfigurationIsVisible = 0;
			defaultConfigurationName = Debug;
		};
/* End XCConfigurationList section */
	};
	rootObject = C667574D71CB5215AACFAC4B /* Project object */;
}
